
Microsoft Visual Studio Solution File, Format Version 12.00
# Visual Studio Version 16
VisualStudioVersion = 16.0.30907.101
MinimumVisualStudioVersion = 10.0.40219.1
Project("{9A19103F-16F7-4668-BE54-9A1E7A4F7556}") = "lestoma.App", "lestoma.App\lestoma.App\lestoma.App.csproj", "{E85FFB03-49C3-4992-86AA-238A2AAD1325}"
EndProject
Project("{FAE04EC0-301F-11D3-BF4B-00C04F79EFBC}") = "lestoma.App.Android", "lestoma.App\lestoma.App.Android\lestoma.App.Android.csproj", "{F0B920DC-EAC8-4380-9A4F-938CE6824D1E}"
EndProject
Project("{9A19103F-16F7-4668-BE54-9A1E7A4F7556}") = "lestoma.CommonUtils", "..\lestomaAPI\lestoma.CommonUtils\lestoma.CommonUtils.csproj", "{059421CB-8F38-4F0D-A078-2124EC67A234}"
EndProject
Global
	GlobalSection(SolutionConfigurationPlatforms) = preSolution
		Ad-Hoc|Any CPU = Ad-Hoc|Any CPU
		Ad-Hoc|iPhone = Ad-Hoc|iPhone
		Ad-Hoc|iPhoneSimulator = Ad-Hoc|iPhoneSimulator
		AppStore|Any CPU = AppStore|Any CPU
		AppStore|iPhone = AppStore|iPhone
		AppStore|iPhoneSimulator = AppStore|iPhoneSimulator
		Configuration active|Any CPU = Configuration active|Any CPU
		Configuration active|iPhone = Configuration active|iPhone
		Configuration active|iPhoneSimulator = Configuration active|iPhoneSimulator
		Debug|Any CPU = Debug|Any CPU
		Debug|iPhone = Debug|iPhone
		Debug|iPhoneSimulator = Debug|iPhoneSimulator
		Release|Any CPU = Release|Any CPU
		Release|iPhone = Release|iPhone
		Release|iPhoneSimulator = Release|iPhoneSimulator
	EndGlobalSection
	GlobalSection(ProjectConfigurationPlatforms) = postSolution
		{E85FFB03-49C3-4992-86AA-238A2AAD1325}.Ad-Hoc|Any CPU.ActiveCfg = Debug|Any CPU
		{E85FFB03-49C3-4992-86AA-238A2AAD1325}.Ad-Hoc|Any CPU.Build.0 = Debug|Any CPU
		{E85FFB03-49C3-4992-86AA-238A2AAD1325}.Ad-Hoc|iPhone.ActiveCfg = Debug|Any CPU
		{E85FFB03-49C3-4992-86AA-238A2AAD1325}.Ad-Hoc|iPhone.Build.0 = Debug|Any CPU
		{E85FFB03-49C3-4992-86AA-238A2AAD1325}.Ad-Hoc|iPhoneSimulator.ActiveCfg = Debug|Any CPU
		{E85FFB03-49C3-4992-86AA-238A2AAD1325}.Ad-Hoc|iPhoneSimulator.Build.0 = Debug|Any CPU
		{E85FFB03-49C3-4992-86AA-238A2AAD1325}.AppStore|Any CPU.ActiveCfg = Debug|Any CPU
		{E85FFB03-49C3-4992-86AA-238A2AAD1325}.AppStore|Any CPU.Build.0 = Debug|Any CPU
		{E85FFB03-49C3-4992-86AA-238A2AAD1325}.AppStore|iPhone.ActiveCfg = Debug|Any CPU
		{E85FFB03-49C3-4992-86AA-238A2AAD1325}.AppStore|iPhone.Build.0 = Debug|Any CPU
		{E85FFB03-49C3-4992-86AA-238A2AAD1325}.AppStore|iPhoneSimulator.ActiveCfg = Debug|Any CPU
		{E85FFB03-49C3-4992-86AA-238A2AAD1325}.AppStore|iPhoneSimulator.Build.0 = Debug|Any CPU
		{E85FFB03-49C3-4992-86AA-238A2AAD1325}.Configuration active|Any CPU.ActiveCfg = Release|Any CPU
		{E85FFB03-49C3-4992-86AA-238A2AAD1325}.Configuration active|Any CPU.Build.0 = Release|Any CPU
		{E85FFB03-49C3-4992-86AA-238A2AAD1325}.Configuration active|iPhone.ActiveCfg = Release|Any CPU
		{E85FFB03-49C3-4992-86AA-238A2AAD1325}.Configuration active|iPhone.Build.0 = Release|Any CPU
		{E85FFB03-49C3-4992-86AA-238A2AAD1325}.Configuration active|iPhoneSimulator.ActiveCfg = Release|Any CPU
		{E85FFB03-49C3-4992-86AA-238A2AAD1325}.Configuration active|iPhoneSimulator.Build.0 = Release|Any CPU
		{E85FFB03-49C3-4992-86AA-238A2AAD1325}.Debug|Any CPU.ActiveCfg = Debug|Any CPU
		{E85FFB03-49C3-4992-86AA-238A2AAD1325}.Debug|Any CPU.Build.0 = Debug|Any CPU
		{E85FFB03-49C3-4992-86AA-238A2AAD1325}.Debug|iPhone.ActiveCfg = Debug|Any CPU
		{E85FFB03-49C3-4992-86AA-238A2AAD1325}.Debug|iPhone.Build.0 = Debug|Any CPU
		{E85FFB03-49C3-4992-86AA-238A2AAD1325}.Debug|iPhoneSimulator.ActiveCfg = Debug|Any CPU
		{E85FFB03-49C3-4992-86AA-238A2AAD1325}.Debug|iPhoneSimulator.Build.0 = Debug|Any CPU
		{E85FFB03-49C3-4992-86AA-238A2AAD1325}.Release|Any CPU.ActiveCfg = Release|Any CPU
		{E85FFB03-49C3-4992-86AA-238A2AAD1325}.Release|Any CPU.Build.0 = Release|Any CPU
		{E85FFB03-49C3-4992-86AA-238A2AAD1325}.Release|iPhone.ActiveCfg = Release|Any CPU
		{E85FFB03-49C3-4992-86AA-238A2AAD1325}.Release|iPhone.Build.0 = Release|Any CPU
		{E85FFB03-49C3-4992-86AA-238A2AAD1325}.Release|iPhoneSimulator.ActiveCfg = Release|Any CPU
		{E85FFB03-49C3-4992-86AA-238A2AAD1325}.Release|iPhoneSimulator.Build.0 = Release|Any CPU
		{F0B920DC-EAC8-4380-9A4F-938CE6824D1E}.Ad-Hoc|Any CPU.ActiveCfg = Debug|Any CPU
		{F0B920DC-EAC8-4380-9A4F-938CE6824D1E}.Ad-Hoc|Any CPU.Build.0 = Debug|Any CPU
		{F0B920DC-EAC8-4380-9A4F-938CE6824D1E}.Ad-Hoc|Any CPU.Deploy.0 = Debug|Any CPU
		{F0B920DC-EAC8-4380-9A4F-938CE6824D1E}.Ad-Hoc|iPhone.ActiveCfg = Debug|Any CPU
		{F0B920DC-EAC8-4380-9A4F-938CE6824D1E}.Ad-Hoc|iPhone.Build.0 = Debug|Any CPU
		{F0B920DC-EAC8-4380-9A4F-938CE6824D1E}.Ad-Hoc|iPhone.Deploy.0 = Debug|Any CPU
		{F0B920DC-EAC8-4380-9A4F-938CE6824D1E}.Ad-Hoc|iPhoneSimulator.ActiveCfg = Debug|Any CPU
		{F0B920DC-EAC8-4380-9A4F-938CE6824D1E}.Ad-Hoc|iPhoneSimulator.Build.0 = Debug|Any CPU
		{F0B920DC-EAC8-4380-9A4F-938CE6824D1E}.Ad-Hoc|iPhoneSimulator.Deploy.0 = Debug|Any CPU
		{F0B920DC-EAC8-4380-9A4F-938CE6824D1E}.AppStore|Any CPU.ActiveCfg = Debug|Any CPU
		{F0B920DC-EAC8-4380-9A4F-938CE6824D1E}.AppStore|Any CPU.Build.0 = Debug|Any CPU
		{F0B920DC-EAC8-4380-9A4F-938CE6824D1E}.AppStore|Any CPU.Deploy.0 = Debug|Any CPU
		{F0B920DC-EAC8-4380-9A4F-938CE6824D1E}.AppStore|iPhone.ActiveCfg = Debug|Any CPU
		{F0B920DC-EAC8-4380-9A4F-938CE6824D1E}.AppStore|iPhone.Build.0 = Debug|Any CPU
		{F0B920DC-EAC8-4380-9A4F-938CE6824D1E}.AppStore|iPhone.Deploy.0 = Debug|Any CPU
		{F0B920DC-EAC8-4380-9A4F-938CE6824D1E}.AppStore|iPhoneSimulator.ActiveCfg = Debug|Any CPU
		{F0B920DC-EAC8-4380-9A4F-938CE6824D1E}.AppStore|iPhoneSimulator.Build.0 = Debug|Any CPU
		{F0B920DC-EAC8-4380-9A4F-938CE6824D1E}.AppStore|iPhoneSimulator.Deploy.0 = Debug|Any CPU
		{F0B920DC-EAC8-4380-9A4F-938CE6824D1E}.Configuration active|Any CPU.ActiveCfg = Release|Any CPU
		{F0B920DC-EAC8-4380-9A4F-938CE6824D1E}.Configuration active|Any CPU.Build.0 = Release|Any CPU
		{F0B920DC-EAC8-4380-9A4F-938CE6824D1E}.Configuration active|Any CPU.Deploy.0 = Release|Any CPU
		{F0B920DC-EAC8-4380-9A4F-938CE6824D1E}.Configuration active|iPhone.ActiveCfg = Release|Any CPU
		{F0B920DC-EAC8-4380-9A4F-938CE6824D1E}.Configuration active|iPhone.Build.0 = Release|Any CPU
		{F0B920DC-EAC8-4380-9A4F-938CE6824D1E}.Configuration active|iPhone.Deploy.0 = Release|Any CPU
		{F0B920DC-EAC8-4380-9A4F-938CE6824D1E}.Configuration active|iPhoneSimulator.ActiveCfg = Release|Any CPU
		{F0B920DC-EAC8-4380-9A4F-938CE6824D1E}.Configuration active|iPhoneSimulator.Build.0 = Release|Any CPU
		{F0B920DC-EAC8-4380-9A4F-938CE6824D1E}.Configuration active|iPhoneSimulator.Deploy.0 = Release|Any CPU
		{F0B920DC-EAC8-4380-9A4F-938CE6824D1E}.Debug|Any CPU.ActiveCfg = Debug|Any CPU
		{F0B920DC-EAC8-4380-9A4F-938CE6824D1E}.Debug|Any CPU.Build.0 = Debug|Any CPU
		{F0B920DC-EAC8-4380-9A4F-938CE6824D1E}.Debug|Any CPU.Deploy.0 = Debug|Any CPU
		{F0B920DC-EAC8-4380-9A4F-938CE6824D1E}.Debug|iPhone.ActiveCfg = Debug|Any CPU
		{F0B920DC-EAC8-4380-9A4F-938CE6824D1E}.Debug|iPhone.Build.0 = Debug|Any CPU
		{F0B920DC-EAC8-4380-9A4F-938CE6824D1E}.Debug|iPhone.Deploy.0 = Debug|Any CPU
		{F0B920DC-EAC8-4380-9A4F-938CE6824D1E}.Debug|iPhoneSimulator.ActiveCfg = Debug|Any CPU
		{F0B920DC-EAC8-4380-9A4F-938CE6824D1E}.Debug|iPhoneSimulator.Build.0 = Debug|Any CPU
		{F0B920DC-EAC8-4380-9A4F-938CE6824D1E}.Debug|iPhoneSimulator.Deploy.0 = Debug|Any CPU
		{F0B920DC-EAC8-4380-9A4F-938CE6824D1E}.Release|Any CPU.ActiveCfg = Release|Any CPU
		{F0B920DC-EAC8-4380-9A4F-938CE6824D1E}.Release|Any CPU.Build.0 = Release|Any CPU
		{F0B920DC-EAC8-4380-9A4F-938CE6824D1E}.Release|Any CPU.Deploy.0 = Release|Any CPU
		{F0B920DC-EAC8-4380-9A4F-938CE6824D1E}.Release|iPhone.ActiveCfg = Release|Any CPU
		{F0B920DC-EAC8-4380-9A4F-938CE6824D1E}.Release|iPhone.Build.0 = Release|Any CPU
		{F0B920DC-EAC8-4380-9A4F-938CE6824D1E}.Release|iPhone.Deploy.0 = Release|Any CPU
		{F0B920DC-EAC8-4380-9A4F-938CE6824D1E}.Release|iPhoneSimulator.ActiveCfg = Release|Any CPU
		{F0B920DC-EAC8-4380-9A4F-938CE6824D1E}.Release|iPhoneSimulator.Build.0 = Release|Any CPU
		{F0B920DC-EAC8-4380-9A4F-938CE6824D1E}.Release|iPhoneSimulator.Deploy.0 = Release|Any CPU
		{059421CB-8F38-4F0D-A078-2124EC67A234}.Ad-Hoc|Any CPU.ActiveCfg = Debug|Any CPU
		{059421CB-8F38-4F0D-A078-2124EC67A234}.Ad-Hoc|Any CPU.Build.0 = Debug|Any CPU
		{059421CB-8F38-4F0D-A078-2124EC67A234}.Ad-Hoc|iPhone.ActiveCfg = Debug|Any CPU
		{059421CB-8F38-4F0D-A078-2124EC67A234}.Ad-Hoc|iPhone.Build.0 = Debug|Any CPU
		{059421CB-8F38-4F0D-A078-2124EC67A234}.Ad-Hoc|iPhoneSimulator.ActiveCfg = Debug|Any CPU
		{059421CB-8F38-4F0D-A078-2124EC67A234}.Ad-Hoc|iPhoneSimulator.Build.0 = Debug|Any CPU
		{059421CB-8F38-4F0D-A078-2124EC67A234}.AppStore|Any CPU.ActiveCfg = Debug|Any CPU
		{059421CB-8F38-4F0D-A078-2124EC67A234}.AppStore|Any CPU.Build.0 = Debug|Any CPU
		{059421CB-8F38-4F0D-A078-2124EC67A234}.AppStore|iPhone.ActiveCfg = Debug|Any CPU
		{059421CB-8F38-4F0D-A078-2124EC67A234}.AppStore|iPhone.Build.0 = Debug|Any CPU
		{059421CB-8F38-4F0D-A078-2124EC67A234}.AppStore|iPhoneSimulator.ActiveCfg = Debug|Any CPU
		{059421CB-8F38-4F0D-A078-2124EC67A234}.AppStore|iPhoneSimulator.Build.0 = Debug|Any CPU
		{059421CB-8F38-4F0D-A078-2124EC67A234}.Configuration active|Any CPU.ActiveCfg = Debug|Any CPU
		{059421CB-8F38-4F0D-A078-2124EC67A234}.Configuration active|Any CPU.Build.0 = Debug|Any CPU
		{059421CB-8F38-4F0D-A078-2124EC67A234}.Configuration active|iPhone.ActiveCfg = Debug|Any CPU
		{059421CB-8F38-4F0D-A078-2124EC67A234}.Configuration active|iPhone.Build.0 = Debug|Any CPU
		{059421CB-8F38-4F0D-A078-2124EC67A234}.Configuration active|iPhoneSimulator.ActiveCfg = Debug|Any CPU
		{059421CB-8F38-4F0D-A078-2124EC67A234}.Configuration active|iPhoneSimulator.Build.0 = Debug|Any CPU
		{059421CB-8F38-4F0D-A078-2124EC67A234}.Debug|Any CPU.ActiveCfg = Debug|Any CPU
		{059421CB-8F38-4F0D-A078-2124EC67A234}.Debug|Any CPU.Build.0 = Debug|Any CPU
		{059421CB-8F38-4F0D-A078-2124EC67A234}.Debug|iPhone.ActiveCfg = Debug|Any CPU
		{059421CB-8F38-4F0D-A078-2124EC67A234}.Debug|iPhone.Build.0 = Debug|Any CPU
		{059421CB-8F38-4F0D-A078-2124EC67A234}.Debug|iPhoneSimulator.ActiveCfg = Debug|Any CPU
		{059421CB-8F38-4F0D-A078-2124EC67A234}.Debug|iPhoneSimulator.Build.0 = Debug|Any CPU
		{059421CB-8F38-4F0D-A078-2124EC67A234}.Release|Any CPU.ActiveCfg = Release|Any CPU
		{059421CB-8F38-4F0D-A078-2124EC67A234}.Release|Any CPU.Build.0 = Release|Any CPU
		{059421CB-8F38-4F0D-A078-2124EC67A234}.Release|iPhone.ActiveCfg = Release|Any CPU
		{059421CB-8F38-4F0D-A078-2124EC67A234}.Release|iPhone.Build.0 = Release|Any CPU
		{059421CB-8F38-4F0D-A078-2124EC67A234}.Release|iPhoneSimulator.ActiveCfg = Release|Any CPU
		{059421CB-8F38-4F0D-A078-2124EC67A234}.Release|iPhoneSimulator.Build.0 = Release|Any CPU
	EndGlobalSection
	GlobalSection(SolutionProperties) = preSolution
		HideSolutionNode = FALSE
	EndGlobalSection
	GlobalSection(ExtensibilityGlobals) = postSolution
		SolutionGuid = {0BA621D9-0BA6-444E-B32C-AA2776DA6912}
	EndGlobalSection
EndGlobal
