
Microsoft Visual Studio Solution File, Format Version 12.00
# Visual Studio Version 16
VisualStudioVersion = 16.0.30907.101
MinimumVisualStudioVersion = 10.0.40219.1
Project("{9A19103F-16F7-4668-BE54-9A1E7A4F7556}") = "lestoma.Api", "lestoma.Api\lestoma.Api.csproj", "{7EF6FAA7-60E7-4968-AFBE-CC12070E2229}"
EndProject
Project("{9A19103F-16F7-4668-BE54-9A1E7A4F7556}") = "lestoma.Data", "lestoma.Data\lestoma.Data.csproj", "{5A522C78-A41B-46F6-B925-CF5FB0CC1653}"
EndProject
Project("{9A19103F-16F7-4668-BE54-9A1E7A4F7556}") = "lestoma.Models", "lestoma.Models\lestoma.Models.csproj", "{C81125B1-9EEA-4967-A3F3-AC3AF3121571}"
EndProject
Project("{9A19103F-16F7-4668-BE54-9A1E7A4F7556}") = "lestoma.Helpers", "lestoma.Helpers\lestoma.Helpers.csproj", "{67BA0349-9256-41DD-A8FC-55C9E3AD7C14}"
EndProject
Project("{FAE04EC0-301F-11D3-BF4B-00C04F79EFBC}") = "lestoma.App", "lestoma.App\lestoma.App\lestoma.App.csproj", "{E85FFB03-49C3-4992-86AA-238A2AAD1325}"
EndProject
Project("{FAE04EC0-301F-11D3-BF4B-00C04F79EFBC}") = "lestoma.App.Android", "lestoma.App\lestoma.App.Android\lestoma.App.Android.csproj", "{F0B920DC-EAC8-4380-9A4F-938CE6824D1E}"
EndProject
Global
	GlobalSection(SolutionConfigurationPlatforms) = preSolution
		Ad-Hoc|Any CPU = Ad-Hoc|Any CPU
		Ad-Hoc|iPhone = Ad-Hoc|iPhone
		Ad-Hoc|iPhoneSimulator = Ad-Hoc|iPhoneSimulator
		AppStore|Any CPU = AppStore|Any CPU
		AppStore|iPhone = AppStore|iPhone
		AppStore|iPhoneSimulator = AppStore|iPhoneSimulator
		Debug|Any CPU = Debug|Any CPU
		Debug|iPhone = Debug|iPhone
		Debug|iPhoneSimulator = Debug|iPhoneSimulator
		Release|Any CPU = Release|Any CPU
		Release|iPhone = Release|iPhone
		Release|iPhoneSimulator = Release|iPhoneSimulator
	EndGlobalSection
	GlobalSection(ProjectConfigurationPlatforms) = postSolution
		{7EF6FAA7-60E7-4968-AFBE-CC12070E2229}.Ad-Hoc|Any CPU.ActiveCfg = Release|Any CPU
		{7EF6FAA7-60E7-4968-AFBE-CC12070E2229}.Ad-Hoc|Any CPU.Build.0 = Release|Any CPU
		{7EF6FAA7-60E7-4968-AFBE-CC12070E2229}.Ad-Hoc|iPhone.ActiveCfg = Release|Any CPU
		{7EF6FAA7-60E7-4968-AFBE-CC12070E2229}.Ad-Hoc|iPhone.Build.0 = Release|Any CPU
		{7EF6FAA7-60E7-4968-AFBE-CC12070E2229}.Ad-Hoc|iPhoneSimulator.ActiveCfg = Release|Any CPU
		{7EF6FAA7-60E7-4968-AFBE-CC12070E2229}.Ad-Hoc|iPhoneSimulator.Build.0 = Release|Any CPU
		{7EF6FAA7-60E7-4968-AFBE-CC12070E2229}.AppStore|Any CPU.ActiveCfg = Release|Any CPU
		{7EF6FAA7-60E7-4968-AFBE-CC12070E2229}.AppStore|Any CPU.Build.0 = Release|Any CPU
		{7EF6FAA7-60E7-4968-AFBE-CC12070E2229}.AppStore|iPhone.ActiveCfg = Release|Any CPU
		{7EF6FAA7-60E7-4968-AFBE-CC12070E2229}.AppStore|iPhone.Build.0 = Release|Any CPU
		{7EF6FAA7-60E7-4968-AFBE-CC12070E2229}.AppStore|iPhoneSimulator.ActiveCfg = Release|Any CPU
		{7EF6FAA7-60E7-4968-AFBE-CC12070E2229}.AppStore|iPhoneSimulator.Build.0 = Release|Any CPU
		{7EF6FAA7-60E7-4968-AFBE-CC12070E2229}.Debug|Any CPU.ActiveCfg = Debug|Any CPU
		{7EF6FAA7-60E7-4968-AFBE-CC12070E2229}.Debug|Any CPU.Build.0 = Debug|Any CPU
		{7EF6FAA7-60E7-4968-AFBE-CC12070E2229}.Debug|iPhone.ActiveCfg = Debug|Any CPU
		{7EF6FAA7-60E7-4968-AFBE-CC12070E2229}.Debug|iPhone.Build.0 = Debug|Any CPU
		{7EF6FAA7-60E7-4968-AFBE-CC12070E2229}.Debug|iPhoneSimulator.ActiveCfg = Debug|Any CPU
		{7EF6FAA7-60E7-4968-AFBE-CC12070E2229}.Debug|iPhoneSimulator.Build.0 = Debug|Any CPU
		{7EF6FAA7-60E7-4968-AFBE-CC12070E2229}.Release|Any CPU.ActiveCfg = Release|Any CPU
		{7EF6FAA7-60E7-4968-AFBE-CC12070E2229}.Release|Any CPU.Build.0 = Release|Any CPU
		{7EF6FAA7-60E7-4968-AFBE-CC12070E2229}.Release|iPhone.ActiveCfg = Release|Any CPU
		{7EF6FAA7-60E7-4968-AFBE-CC12070E2229}.Release|iPhone.Build.0 = Release|Any CPU
		{7EF6FAA7-60E7-4968-AFBE-CC12070E2229}.Release|iPhoneSimulator.ActiveCfg = Release|Any CPU
		{7EF6FAA7-60E7-4968-AFBE-CC12070E2229}.Release|iPhoneSimulator.Build.0 = Release|Any CPU
		{5A522C78-A41B-46F6-B925-CF5FB0CC1653}.Ad-Hoc|Any CPU.ActiveCfg = Release|Any CPU
		{5A522C78-A41B-46F6-B925-CF5FB0CC1653}.Ad-Hoc|Any CPU.Build.0 = Release|Any CPU
		{5A522C78-A41B-46F6-B925-CF5FB0CC1653}.Ad-Hoc|iPhone.ActiveCfg = Release|Any CPU
		{5A522C78-A41B-46F6-B925-CF5FB0CC1653}.Ad-Hoc|iPhone.Build.0 = Release|Any CPU
		{5A522C78-A41B-46F6-B925-CF5FB0CC1653}.Ad-Hoc|iPhoneSimulator.ActiveCfg = Release|Any CPU
		{5A522C78-A41B-46F6-B925-CF5FB0CC1653}.Ad-Hoc|iPhoneSimulator.Build.0 = Release|Any CPU
		{5A522C78-A41B-46F6-B925-CF5FB0CC1653}.AppStore|Any CPU.ActiveCfg = Release|Any CPU
		{5A522C78-A41B-46F6-B925-CF5FB0CC1653}.AppStore|Any CPU.Build.0 = Release|Any CPU
		{5A522C78-A41B-46F6-B925-CF5FB0CC1653}.AppStore|iPhone.ActiveCfg = Release|Any CPU
		{5A522C78-A41B-46F6-B925-CF5FB0CC1653}.AppStore|iPhone.Build.0 = Release|Any CPU
		{5A522C78-A41B-46F6-B925-CF5FB0CC1653}.AppStore|iPhoneSimulator.ActiveCfg = Release|Any CPU
		{5A522C78-A41B-46F6-B925-CF5FB0CC1653}.AppStore|iPhoneSimulator.Build.0 = Release|Any CPU
		{5A522C78-A41B-46F6-B925-CF5FB0CC1653}.Debug|Any CPU.ActiveCfg = Debug|Any CPU
		{5A522C78-A41B-46F6-B925-CF5FB0CC1653}.Debug|Any CPU.Build.0 = Debug|Any CPU
		{5A522C78-A41B-46F6-B925-CF5FB0CC1653}.Debug|iPhone.ActiveCfg = Debug|Any CPU
		{5A522C78-A41B-46F6-B925-CF5FB0CC1653}.Debug|iPhone.Build.0 = Debug|Any CPU
		{5A522C78-A41B-46F6-B925-CF5FB0CC1653}.Debug|iPhoneSimulator.ActiveCfg = Debug|Any CPU
		{5A522C78-A41B-46F6-B925-CF5FB0CC1653}.Debug|iPhoneSimulator.Build.0 = Debug|Any CPU
		{5A522C78-A41B-46F6-B925-CF5FB0CC1653}.Release|Any CPU.ActiveCfg = Release|Any CPU
		{5A522C78-A41B-46F6-B925-CF5FB0CC1653}.Release|Any CPU.Build.0 = Release|Any CPU
		{5A522C78-A41B-46F6-B925-CF5FB0CC1653}.Release|iPhone.ActiveCfg = Release|Any CPU
		{5A522C78-A41B-46F6-B925-CF5FB0CC1653}.Release|iPhone.Build.0 = Release|Any CPU
		{5A522C78-A41B-46F6-B925-CF5FB0CC1653}.Release|iPhoneSimulator.ActiveCfg = Release|Any CPU
		{5A522C78-A41B-46F6-B925-CF5FB0CC1653}.Release|iPhoneSimulator.Build.0 = Release|Any CPU
		{C81125B1-9EEA-4967-A3F3-AC3AF3121571}.Ad-Hoc|Any CPU.ActiveCfg = Release|Any CPU
		{C81125B1-9EEA-4967-A3F3-AC3AF3121571}.Ad-Hoc|Any CPU.Build.0 = Release|Any CPU
		{C81125B1-9EEA-4967-A3F3-AC3AF3121571}.Ad-Hoc|iPhone.ActiveCfg = Release|Any CPU
		{C81125B1-9EEA-4967-A3F3-AC3AF3121571}.Ad-Hoc|iPhone.Build.0 = Release|Any CPU
		{C81125B1-9EEA-4967-A3F3-AC3AF3121571}.Ad-Hoc|iPhoneSimulator.ActiveCfg = Release|Any CPU
		{C81125B1-9EEA-4967-A3F3-AC3AF3121571}.Ad-Hoc|iPhoneSimulator.Build.0 = Release|Any CPU
		{C81125B1-9EEA-4967-A3F3-AC3AF3121571}.AppStore|Any CPU.ActiveCfg = Release|Any CPU
		{C81125B1-9EEA-4967-A3F3-AC3AF3121571}.AppStore|Any CPU.Build.0 = Release|Any CPU
		{C81125B1-9EEA-4967-A3F3-AC3AF3121571}.AppStore|iPhone.ActiveCfg = Release|Any CPU
		{C81125B1-9EEA-4967-A3F3-AC3AF3121571}.AppStore|iPhone.Build.0 = Release|Any CPU
		{C81125B1-9EEA-4967-A3F3-AC3AF3121571}.AppStore|iPhoneSimulator.ActiveCfg = Release|Any CPU
		{C81125B1-9EEA-4967-A3F3-AC3AF3121571}.AppStore|iPhoneSimulator.Build.0 = Release|Any CPU
		{C81125B1-9EEA-4967-A3F3-AC3AF3121571}.Debug|Any CPU.ActiveCfg = Debug|Any CPU
		{C81125B1-9EEA-4967-A3F3-AC3AF3121571}.Debug|Any CPU.Build.0 = Debug|Any CPU
		{C81125B1-9EEA-4967-A3F3-AC3AF3121571}.Debug|iPhone.ActiveCfg = Debug|Any CPU
		{C81125B1-9EEA-4967-A3F3-AC3AF3121571}.Debug|iPhone.Build.0 = Debug|Any CPU
		{C81125B1-9EEA-4967-A3F3-AC3AF3121571}.Debug|iPhoneSimulator.ActiveCfg = Debug|Any CPU
		{C81125B1-9EEA-4967-A3F3-AC3AF3121571}.Debug|iPhoneSimulator.Build.0 = Debug|Any CPU
		{C81125B1-9EEA-4967-A3F3-AC3AF3121571}.Release|Any CPU.ActiveCfg = Release|Any CPU
		{C81125B1-9EEA-4967-A3F3-AC3AF3121571}.Release|Any CPU.Build.0 = Release|Any CPU
		{C81125B1-9EEA-4967-A3F3-AC3AF3121571}.Release|iPhone.ActiveCfg = Release|Any CPU
		{C81125B1-9EEA-4967-A3F3-AC3AF3121571}.Release|iPhone.Build.0 = Release|Any CPU
		{C81125B1-9EEA-4967-A3F3-AC3AF3121571}.Release|iPhoneSimulator.ActiveCfg = Release|Any CPU
		{C81125B1-9EEA-4967-A3F3-AC3AF3121571}.Release|iPhoneSimulator.Build.0 = Release|Any CPU
		{67BA0349-9256-41DD-A8FC-55C9E3AD7C14}.Ad-Hoc|Any CPU.ActiveCfg = Release|Any CPU
		{67BA0349-9256-41DD-A8FC-55C9E3AD7C14}.Ad-Hoc|Any CPU.Build.0 = Release|Any CPU
		{67BA0349-9256-41DD-A8FC-55C9E3AD7C14}.Ad-Hoc|iPhone.ActiveCfg = Release|Any CPU
		{67BA0349-9256-41DD-A8FC-55C9E3AD7C14}.Ad-Hoc|iPhone.Build.0 = Release|Any CPU
		{67BA0349-9256-41DD-A8FC-55C9E3AD7C14}.Ad-Hoc|iPhoneSimulator.ActiveCfg = Release|Any CPU
		{67BA0349-9256-41DD-A8FC-55C9E3AD7C14}.Ad-Hoc|iPhoneSimulator.Build.0 = Release|Any CPU
		{67BA0349-9256-41DD-A8FC-55C9E3AD7C14}.AppStore|Any CPU.ActiveCfg = Release|Any CPU
		{67BA0349-9256-41DD-A8FC-55C9E3AD7C14}.AppStore|Any CPU.Build.0 = Release|Any CPU
		{67BA0349-9256-41DD-A8FC-55C9E3AD7C14}.AppStore|iPhone.ActiveCfg = Release|Any CPU
		{67BA0349-9256-41DD-A8FC-55C9E3AD7C14}.AppStore|iPhone.Build.0 = Release|Any CPU
		{67BA0349-9256-41DD-A8FC-55C9E3AD7C14}.AppStore|iPhoneSimulator.ActiveCfg = Release|Any CPU
		{67BA0349-9256-41DD-A8FC-55C9E3AD7C14}.AppStore|iPhoneSimulator.Build.0 = Release|Any CPU
		{67BA0349-9256-41DD-A8FC-55C9E3AD7C14}.Debug|Any CPU.ActiveCfg = Debug|Any CPU
		{67BA0349-9256-41DD-A8FC-55C9E3AD7C14}.Debug|Any CPU.Build.0 = Debug|Any CPU
		{67BA0349-9256-41DD-A8FC-55C9E3AD7C14}.Debug|iPhone.ActiveCfg = Debug|Any CPU
		{67BA0349-9256-41DD-A8FC-55C9E3AD7C14}.Debug|iPhone.Build.0 = Debug|Any CPU
		{67BA0349-9256-41DD-A8FC-55C9E3AD7C14}.Debug|iPhoneSimulator.ActiveCfg = Debug|Any CPU
		{67BA0349-9256-41DD-A8FC-55C9E3AD7C14}.Debug|iPhoneSimulator.Build.0 = Debug|Any CPU
		{67BA0349-9256-41DD-A8FC-55C9E3AD7C14}.Release|Any CPU.ActiveCfg = Release|Any CPU
		{67BA0349-9256-41DD-A8FC-55C9E3AD7C14}.Release|Any CPU.Build.0 = Release|Any CPU
		{67BA0349-9256-41DD-A8FC-55C9E3AD7C14}.Release|iPhone.ActiveCfg = Release|Any CPU
		{67BA0349-9256-41DD-A8FC-55C9E3AD7C14}.Release|iPhone.Build.0 = Release|Any CPU
		{67BA0349-9256-41DD-A8FC-55C9E3AD7C14}.Release|iPhoneSimulator.ActiveCfg = Release|Any CPU
		{67BA0349-9256-41DD-A8FC-55C9E3AD7C14}.Release|iPhoneSimulator.Build.0 = Release|Any CPU
		{E85FFB03-49C3-4992-86AA-238A2AAD1325}.Ad-Hoc|Any CPU.ActiveCfg = Debug|Any CPU
		{E85FFB03-49C3-4992-86AA-238A2AAD1325}.Ad-Hoc|Any CPU.Build.0 = Debug|Any CPU
		{E85FFB03-49C3-4992-86AA-238A2AAD1325}.Ad-Hoc|iPhone.ActiveCfg = Debug|Any CPU
		{E85FFB03-49C3-4992-86AA-238A2AAD1325}.Ad-Hoc|iPhone.Build.0 = Debug|Any CPU
		{E85FFB03-49C3-4992-86AA-238A2AAD1325}.Ad-Hoc|iPhoneSimulator.ActiveCfg = Debug|Any CPU
		{E85FFB03-49C3-4992-86AA-238A2AAD1325}.Ad-Hoc|iPhoneSimulator.Build.0 = Debug|Any CPU
		{E85FFB03-49C3-4992-86AA-238A2AAD1325}.AppStore|Any CPU.ActiveCfg = Debug|Any CPU
		{E85FFB03-49C3-4992-86AA-238A2AAD1325}.AppStore|Any CPU.Build.0 = Debug|Any CPU
		{E85FFB03-49C3-4992-86AA-238A2AAD1325}.AppStore|iPhone.ActiveCfg = Debug|Any CPU
		{E85FFB03-49C3-4992-86AA-238A2AAD1325}.AppStore|iPhone.Build.0 = Debug|Any CPU
		{E85FFB03-49C3-4992-86AA-238A2AAD1325}.AppStore|iPhoneSimulator.ActiveCfg = Debug|Any CPU
		{E85FFB03-49C3-4992-86AA-238A2AAD1325}.AppStore|iPhoneSimulator.Build.0 = Debug|Any CPU
		{E85FFB03-49C3-4992-86AA-238A2AAD1325}.Debug|Any CPU.ActiveCfg = Debug|Any CPU
		{E85FFB03-49C3-4992-86AA-238A2AAD1325}.Debug|Any CPU.Build.0 = Debug|Any CPU
		{E85FFB03-49C3-4992-86AA-238A2AAD1325}.Debug|iPhone.ActiveCfg = Debug|Any CPU
		{E85FFB03-49C3-4992-86AA-238A2AAD1325}.Debug|iPhone.Build.0 = Debug|Any CPU
		{E85FFB03-49C3-4992-86AA-238A2AAD1325}.Debug|iPhoneSimulator.ActiveCfg = Debug|Any CPU
		{E85FFB03-49C3-4992-86AA-238A2AAD1325}.Debug|iPhoneSimulator.Build.0 = Debug|Any CPU
		{E85FFB03-49C3-4992-86AA-238A2AAD1325}.Release|Any CPU.ActiveCfg = Release|Any CPU
		{E85FFB03-49C3-4992-86AA-238A2AAD1325}.Release|Any CPU.Build.0 = Release|Any CPU
		{E85FFB03-49C3-4992-86AA-238A2AAD1325}.Release|iPhone.ActiveCfg = Release|Any CPU
		{E85FFB03-49C3-4992-86AA-238A2AAD1325}.Release|iPhone.Build.0 = Release|Any CPU
		{E85FFB03-49C3-4992-86AA-238A2AAD1325}.Release|iPhoneSimulator.ActiveCfg = Release|Any CPU
		{E85FFB03-49C3-4992-86AA-238A2AAD1325}.Release|iPhoneSimulator.Build.0 = Release|Any CPU
		{F0B920DC-EAC8-4380-9A4F-938CE6824D1E}.Ad-Hoc|Any CPU.ActiveCfg = Debug|Any CPU
		{F0B920DC-EAC8-4380-9A4F-938CE6824D1E}.Ad-Hoc|Any CPU.Build.0 = Debug|Any CPU
		{F0B920DC-EAC8-4380-9A4F-938CE6824D1E}.Ad-Hoc|Any CPU.Deploy.0 = Debug|Any CPU
		{F0B920DC-EAC8-4380-9A4F-938CE6824D1E}.Ad-Hoc|iPhone.ActiveCfg = Debug|Any CPU
		{F0B920DC-EAC8-4380-9A4F-938CE6824D1E}.Ad-Hoc|iPhone.Build.0 = Debug|Any CPU
		{F0B920DC-EAC8-4380-9A4F-938CE6824D1E}.Ad-Hoc|iPhone.Deploy.0 = Debug|Any CPU
		{F0B920DC-EAC8-4380-9A4F-938CE6824D1E}.Ad-Hoc|iPhoneSimulator.ActiveCfg = Debug|Any CPU
		{F0B920DC-EAC8-4380-9A4F-938CE6824D1E}.Ad-Hoc|iPhoneSimulator.Build.0 = Debug|Any CPU
		{F0B920DC-EAC8-4380-9A4F-938CE6824D1E}.Ad-Hoc|iPhoneSimulator.Deploy.0 = Debug|Any CPU
		{F0B920DC-EAC8-4380-9A4F-938CE6824D1E}.AppStore|Any CPU.ActiveCfg = Debug|Any CPU
		{F0B920DC-EAC8-4380-9A4F-938CE6824D1E}.AppStore|Any CPU.Build.0 = Debug|Any CPU
		{F0B920DC-EAC8-4380-9A4F-938CE6824D1E}.AppStore|Any CPU.Deploy.0 = Debug|Any CPU
		{F0B920DC-EAC8-4380-9A4F-938CE6824D1E}.AppStore|iPhone.ActiveCfg = Debug|Any CPU
		{F0B920DC-EAC8-4380-9A4F-938CE6824D1E}.AppStore|iPhone.Build.0 = Debug|Any CPU
		{F0B920DC-EAC8-4380-9A4F-938CE6824D1E}.AppStore|iPhone.Deploy.0 = Debug|Any CPU
		{F0B920DC-EAC8-4380-9A4F-938CE6824D1E}.AppStore|iPhoneSimulator.ActiveCfg = Debug|Any CPU
		{F0B920DC-EAC8-4380-9A4F-938CE6824D1E}.AppStore|iPhoneSimulator.Build.0 = Debug|Any CPU
		{F0B920DC-EAC8-4380-9A4F-938CE6824D1E}.AppStore|iPhoneSimulator.Deploy.0 = Debug|Any CPU
		{F0B920DC-EAC8-4380-9A4F-938CE6824D1E}.Debug|Any CPU.ActiveCfg = Debug|Any CPU
		{F0B920DC-EAC8-4380-9A4F-938CE6824D1E}.Debug|Any CPU.Build.0 = Debug|Any CPU
		{F0B920DC-EAC8-4380-9A4F-938CE6824D1E}.Debug|Any CPU.Deploy.0 = Debug|Any CPU
		{F0B920DC-EAC8-4380-9A4F-938CE6824D1E}.Debug|iPhone.ActiveCfg = Debug|Any CPU
		{F0B920DC-EAC8-4380-9A4F-938CE6824D1E}.Debug|iPhone.Build.0 = Debug|Any CPU
		{F0B920DC-EAC8-4380-9A4F-938CE6824D1E}.Debug|iPhone.Deploy.0 = Debug|Any CPU
		{F0B920DC-EAC8-4380-9A4F-938CE6824D1E}.Debug|iPhoneSimulator.ActiveCfg = Debug|Any CPU
		{F0B920DC-EAC8-4380-9A4F-938CE6824D1E}.Debug|iPhoneSimulator.Build.0 = Debug|Any CPU
		{F0B920DC-EAC8-4380-9A4F-938CE6824D1E}.Debug|iPhoneSimulator.Deploy.0 = Debug|Any CPU
		{F0B920DC-EAC8-4380-9A4F-938CE6824D1E}.Release|Any CPU.ActiveCfg = Release|Any CPU
		{F0B920DC-EAC8-4380-9A4F-938CE6824D1E}.Release|Any CPU.Build.0 = Release|Any CPU
		{F0B920DC-EAC8-4380-9A4F-938CE6824D1E}.Release|Any CPU.Deploy.0 = Release|Any CPU
		{F0B920DC-EAC8-4380-9A4F-938CE6824D1E}.Release|iPhone.ActiveCfg = Release|Any CPU
		{F0B920DC-EAC8-4380-9A4F-938CE6824D1E}.Release|iPhone.Build.0 = Release|Any CPU
		{F0B920DC-EAC8-4380-9A4F-938CE6824D1E}.Release|iPhone.Deploy.0 = Release|Any CPU
		{F0B920DC-EAC8-4380-9A4F-938CE6824D1E}.Release|iPhoneSimulator.ActiveCfg = Release|Any CPU
		{F0B920DC-EAC8-4380-9A4F-938CE6824D1E}.Release|iPhoneSimulator.Build.0 = Release|Any CPU
		{F0B920DC-EAC8-4380-9A4F-938CE6824D1E}.Release|iPhoneSimulator.Deploy.0 = Release|Any CPU
	EndGlobalSection
	GlobalSection(SolutionProperties) = preSolution
		HideSolutionNode = FALSE
	EndGlobalSection
	GlobalSection(ExtensibilityGlobals) = postSolution
		SolutionGuid = {0BA621D9-0BA6-444E-B32C-AA2776DA6912}
	EndGlobalSection
EndGlobal
