
Microsoft Visual Studio Solution File, Format Version 12.00
# Visual Studio Version 16
VisualStudioVersion = 16.0.30907.101
MinimumVisualStudioVersion = 10.0.40219.1
Project("{FAE04EC0-301F-11D3-BF4B-00C04F79EFBC}") = "app.lestoma.Android", "app.lestoma\app.lestoma.Android\app.lestoma.Android.csproj", "{2753D4F3-99F7-4151-839B-2D38438F0A04}"
EndProject
Project("{FAE04EC0-301F-11D3-BF4B-00C04F79EFBC}") = "app.lestoma.iOS", "app.lestoma\app.lestoma.iOS\app.lestoma.iOS.csproj", "{129BA921-AFDD-4EC9-BDF3-7A1C968F2108}"
EndProject
Project("{9A19103F-16F7-4668-BE54-9A1E7A4F7556}") = "app.lestoma", "app.lestoma\app.lestoma\app.lestoma.csproj", "{16F61E4F-AE45-4B19-A414-4F71ECE2E87B}"
EndProject
Project("{FAE04EC0-301F-11D3-BF4B-00C04F79EFBC}") = "lestoma.Modelos", "lestoma.Modelos\lestoma.Modelos.csproj", "{972AB03A-C747-411B-A958-77CEE9BD7D8C}"
EndProject
Project("{FAE04EC0-301F-11D3-BF4B-00C04F79EFBC}") = "lestoma.Datos", "lestoma.Datos\lestoma.Datos.csproj", "{445BB1B7-8499-4BBE-8792-952B1B7177E1}"
EndProject
Project("{FAE04EC0-301F-11D3-BF4B-00C04F79EFBC}") = "lestoma.Helpers", "lestoma.Helpers\lestoma.Helpers.csproj", "{28F827D6-8EB3-4235-B9C6-3A3DB9902F0F}"
EndProject
Project("{FAE04EC0-301F-11D3-BF4B-00C04F79EFBC}") = "lestoma.Api", "lestoma.Api\lestoma.Api.csproj", "{7EF6FAA7-60E7-4968-AFBE-CC12070E2229}"
EndProject
Global
	GlobalSection(SolutionConfigurationPlatforms) = preSolution
		Debug|Any CPU = Debug|Any CPU
		Debug|iPhone = Debug|iPhone
		Debug|iPhoneSimulator = Debug|iPhoneSimulator
		Release|Any CPU = Release|Any CPU
		Release|iPhone = Release|iPhone
		Release|iPhoneSimulator = Release|iPhoneSimulator
	EndGlobalSection
	GlobalSection(ProjectConfigurationPlatforms) = postSolution
		{2753D4F3-99F7-4151-839B-2D38438F0A04}.Debug|Any CPU.ActiveCfg = Debug|Any CPU
		{2753D4F3-99F7-4151-839B-2D38438F0A04}.Debug|Any CPU.Build.0 = Debug|Any CPU
		{2753D4F3-99F7-4151-839B-2D38438F0A04}.Debug|Any CPU.Deploy.0 = Debug|Any CPU
		{2753D4F3-99F7-4151-839B-2D38438F0A04}.Debug|iPhone.ActiveCfg = Debug|Any CPU
		{2753D4F3-99F7-4151-839B-2D38438F0A04}.Debug|iPhone.Build.0 = Debug|Any CPU
		{2753D4F3-99F7-4151-839B-2D38438F0A04}.Debug|iPhone.Deploy.0 = Debug|Any CPU
		{2753D4F3-99F7-4151-839B-2D38438F0A04}.Debug|iPhoneSimulator.ActiveCfg = Debug|Any CPU
		{2753D4F3-99F7-4151-839B-2D38438F0A04}.Debug|iPhoneSimulator.Build.0 = Debug|Any CPU
		{2753D4F3-99F7-4151-839B-2D38438F0A04}.Debug|iPhoneSimulator.Deploy.0 = Debug|Any CPU
		{2753D4F3-99F7-4151-839B-2D38438F0A04}.Release|Any CPU.ActiveCfg = Release|Any CPU
		{2753D4F3-99F7-4151-839B-2D38438F0A04}.Release|Any CPU.Build.0 = Release|Any CPU
		{2753D4F3-99F7-4151-839B-2D38438F0A04}.Release|Any CPU.Deploy.0 = Release|Any CPU
		{2753D4F3-99F7-4151-839B-2D38438F0A04}.Release|iPhone.ActiveCfg = Release|Any CPU
		{2753D4F3-99F7-4151-839B-2D38438F0A04}.Release|iPhone.Build.0 = Release|Any CPU
		{2753D4F3-99F7-4151-839B-2D38438F0A04}.Release|iPhone.Deploy.0 = Release|Any CPU
		{2753D4F3-99F7-4151-839B-2D38438F0A04}.Release|iPhoneSimulator.ActiveCfg = Release|Any CPU
		{2753D4F3-99F7-4151-839B-2D38438F0A04}.Release|iPhoneSimulator.Build.0 = Release|Any CPU
		{2753D4F3-99F7-4151-839B-2D38438F0A04}.Release|iPhoneSimulator.Deploy.0 = Release|Any CPU
		{129BA921-AFDD-4EC9-BDF3-7A1C968F2108}.Debug|Any CPU.ActiveCfg = Debug|iPhoneSimulator
		{129BA921-AFDD-4EC9-BDF3-7A1C968F2108}.Debug|iPhone.ActiveCfg = Debug|iPhone
		{129BA921-AFDD-4EC9-BDF3-7A1C968F2108}.Debug|iPhone.Build.0 = Debug|iPhone
		{129BA921-AFDD-4EC9-BDF3-7A1C968F2108}.Debug|iPhoneSimulator.ActiveCfg = Debug|iPhoneSimulator
		{129BA921-AFDD-4EC9-BDF3-7A1C968F2108}.Debug|iPhoneSimulator.Build.0 = Debug|iPhoneSimulator
		{129BA921-AFDD-4EC9-BDF3-7A1C968F2108}.Release|Any CPU.ActiveCfg = Release|iPhoneSimulator
		{129BA921-AFDD-4EC9-BDF3-7A1C968F2108}.Release|iPhone.ActiveCfg = Release|iPhone
		{129BA921-AFDD-4EC9-BDF3-7A1C968F2108}.Release|iPhone.Build.0 = Release|iPhone
		{129BA921-AFDD-4EC9-BDF3-7A1C968F2108}.Release|iPhoneSimulator.ActiveCfg = Release|iPhoneSimulator
		{129BA921-AFDD-4EC9-BDF3-7A1C968F2108}.Release|iPhoneSimulator.Build.0 = Release|iPhoneSimulator
		{16F61E4F-AE45-4B19-A414-4F71ECE2E87B}.Debug|Any CPU.ActiveCfg = Debug|Any CPU
		{16F61E4F-AE45-4B19-A414-4F71ECE2E87B}.Debug|Any CPU.Build.0 = Debug|Any CPU
		{16F61E4F-AE45-4B19-A414-4F71ECE2E87B}.Debug|iPhone.ActiveCfg = Debug|Any CPU
		{16F61E4F-AE45-4B19-A414-4F71ECE2E87B}.Debug|iPhone.Build.0 = Debug|Any CPU
		{16F61E4F-AE45-4B19-A414-4F71ECE2E87B}.Debug|iPhoneSimulator.ActiveCfg = Debug|Any CPU
		{16F61E4F-AE45-4B19-A414-4F71ECE2E87B}.Debug|iPhoneSimulator.Build.0 = Debug|Any CPU
		{16F61E4F-AE45-4B19-A414-4F71ECE2E87B}.Release|Any CPU.ActiveCfg = Release|Any CPU
		{16F61E4F-AE45-4B19-A414-4F71ECE2E87B}.Release|Any CPU.Build.0 = Release|Any CPU
		{16F61E4F-AE45-4B19-A414-4F71ECE2E87B}.Release|iPhone.ActiveCfg = Release|Any CPU
		{16F61E4F-AE45-4B19-A414-4F71ECE2E87B}.Release|iPhone.Build.0 = Release|Any CPU
		{16F61E4F-AE45-4B19-A414-4F71ECE2E87B}.Release|iPhoneSimulator.ActiveCfg = Release|Any CPU
		{16F61E4F-AE45-4B19-A414-4F71ECE2E87B}.Release|iPhoneSimulator.Build.0 = Release|Any CPU
		{972AB03A-C747-411B-A958-77CEE9BD7D8C}.Debug|Any CPU.ActiveCfg = Debug|Any CPU
		{972AB03A-C747-411B-A958-77CEE9BD7D8C}.Debug|Any CPU.Build.0 = Debug|Any CPU
		{972AB03A-C747-411B-A958-77CEE9BD7D8C}.Debug|iPhone.ActiveCfg = Debug|Any CPU
		{972AB03A-C747-411B-A958-77CEE9BD7D8C}.Debug|iPhone.Build.0 = Debug|Any CPU
		{972AB03A-C747-411B-A958-77CEE9BD7D8C}.Debug|iPhoneSimulator.ActiveCfg = Debug|Any CPU
		{972AB03A-C747-411B-A958-77CEE9BD7D8C}.Debug|iPhoneSimulator.Build.0 = Debug|Any CPU
		{972AB03A-C747-411B-A958-77CEE9BD7D8C}.Release|Any CPU.ActiveCfg = Release|Any CPU
		{972AB03A-C747-411B-A958-77CEE9BD7D8C}.Release|Any CPU.Build.0 = Release|Any CPU
		{972AB03A-C747-411B-A958-77CEE9BD7D8C}.Release|iPhone.ActiveCfg = Release|Any CPU
		{972AB03A-C747-411B-A958-77CEE9BD7D8C}.Release|iPhone.Build.0 = Release|Any CPU
		{972AB03A-C747-411B-A958-77CEE9BD7D8C}.Release|iPhoneSimulator.ActiveCfg = Release|Any CPU
		{972AB03A-C747-411B-A958-77CEE9BD7D8C}.Release|iPhoneSimulator.Build.0 = Release|Any CPU
		{445BB1B7-8499-4BBE-8792-952B1B7177E1}.Debug|Any CPU.ActiveCfg = Debug|Any CPU
		{445BB1B7-8499-4BBE-8792-952B1B7177E1}.Debug|Any CPU.Build.0 = Debug|Any CPU
		{445BB1B7-8499-4BBE-8792-952B1B7177E1}.Debug|iPhone.ActiveCfg = Debug|Any CPU
		{445BB1B7-8499-4BBE-8792-952B1B7177E1}.Debug|iPhone.Build.0 = Debug|Any CPU
		{445BB1B7-8499-4BBE-8792-952B1B7177E1}.Debug|iPhoneSimulator.ActiveCfg = Debug|Any CPU
		{445BB1B7-8499-4BBE-8792-952B1B7177E1}.Debug|iPhoneSimulator.Build.0 = Debug|Any CPU
		{445BB1B7-8499-4BBE-8792-952B1B7177E1}.Release|Any CPU.ActiveCfg = Release|Any CPU
		{445BB1B7-8499-4BBE-8792-952B1B7177E1}.Release|Any CPU.Build.0 = Release|Any CPU
		{445BB1B7-8499-4BBE-8792-952B1B7177E1}.Release|iPhone.ActiveCfg = Release|Any CPU
		{445BB1B7-8499-4BBE-8792-952B1B7177E1}.Release|iPhone.Build.0 = Release|Any CPU
		{445BB1B7-8499-4BBE-8792-952B1B7177E1}.Release|iPhoneSimulator.ActiveCfg = Release|Any CPU
		{445BB1B7-8499-4BBE-8792-952B1B7177E1}.Release|iPhoneSimulator.Build.0 = Release|Any CPU
		{28F827D6-8EB3-4235-B9C6-3A3DB9902F0F}.Debug|Any CPU.ActiveCfg = Debug|Any CPU
		{28F827D6-8EB3-4235-B9C6-3A3DB9902F0F}.Debug|Any CPU.Build.0 = Debug|Any CPU
		{28F827D6-8EB3-4235-B9C6-3A3DB9902F0F}.Debug|iPhone.ActiveCfg = Debug|Any CPU
		{28F827D6-8EB3-4235-B9C6-3A3DB9902F0F}.Debug|iPhone.Build.0 = Debug|Any CPU
		{28F827D6-8EB3-4235-B9C6-3A3DB9902F0F}.Debug|iPhoneSimulator.ActiveCfg = Debug|Any CPU
		{28F827D6-8EB3-4235-B9C6-3A3DB9902F0F}.Debug|iPhoneSimulator.Build.0 = Debug|Any CPU
		{28F827D6-8EB3-4235-B9C6-3A3DB9902F0F}.Release|Any CPU.ActiveCfg = Release|Any CPU
		{28F827D6-8EB3-4235-B9C6-3A3DB9902F0F}.Release|Any CPU.Build.0 = Release|Any CPU
		{28F827D6-8EB3-4235-B9C6-3A3DB9902F0F}.Release|iPhone.ActiveCfg = Release|Any CPU
		{28F827D6-8EB3-4235-B9C6-3A3DB9902F0F}.Release|iPhone.Build.0 = Release|Any CPU
		{28F827D6-8EB3-4235-B9C6-3A3DB9902F0F}.Release|iPhoneSimulator.ActiveCfg = Release|Any CPU
		{28F827D6-8EB3-4235-B9C6-3A3DB9902F0F}.Release|iPhoneSimulator.Build.0 = Release|Any CPU
		{7EF6FAA7-60E7-4968-AFBE-CC12070E2229}.Debug|Any CPU.ActiveCfg = Debug|Any CPU
		{7EF6FAA7-60E7-4968-AFBE-CC12070E2229}.Debug|Any CPU.Build.0 = Debug|Any CPU
		{7EF6FAA7-60E7-4968-AFBE-CC12070E2229}.Debug|iPhone.ActiveCfg = Debug|Any CPU
		{7EF6FAA7-60E7-4968-AFBE-CC12070E2229}.Debug|iPhone.Build.0 = Debug|Any CPU
		{7EF6FAA7-60E7-4968-AFBE-CC12070E2229}.Debug|iPhoneSimulator.ActiveCfg = Debug|Any CPU
		{7EF6FAA7-60E7-4968-AFBE-CC12070E2229}.Debug|iPhoneSimulator.Build.0 = Debug|Any CPU
		{7EF6FAA7-60E7-4968-AFBE-CC12070E2229}.Release|Any CPU.ActiveCfg = Release|Any CPU
		{7EF6FAA7-60E7-4968-AFBE-CC12070E2229}.Release|Any CPU.Build.0 = Release|Any CPU
		{7EF6FAA7-60E7-4968-AFBE-CC12070E2229}.Release|iPhone.ActiveCfg = Release|Any CPU
		{7EF6FAA7-60E7-4968-AFBE-CC12070E2229}.Release|iPhone.Build.0 = Release|Any CPU
		{7EF6FAA7-60E7-4968-AFBE-CC12070E2229}.Release|iPhoneSimulator.ActiveCfg = Release|Any CPU
		{7EF6FAA7-60E7-4968-AFBE-CC12070E2229}.Release|iPhoneSimulator.Build.0 = Release|Any CPU
	EndGlobalSection
	GlobalSection(SolutionProperties) = preSolution
		HideSolutionNode = FALSE
	EndGlobalSection
	GlobalSection(ExtensibilityGlobals) = postSolution
		SolutionGuid = {0BA621D9-0BA6-444E-B32C-AA2776DA6912}
	EndGlobalSection
EndGlobal
